<?xml version="1.0" encoding="utf-8"?>
<Project ToolsVersion="4.0" xmlns="http://schemas.microsoft.com/developer/msbuild/2003">
  <ItemGroup>
    <Filter Include="Source Files">
      <UniqueIdentifier>{4FC737F1-C7A5-4376-A066-2A32D752A2FF}</UniqueIdentifier>
      <Extensions>cpp;c;cc;cxx;c++;def;odl;idl;hpj;bat;asm;asmx</Extensions>
    </Filter>
    <Filter Include="Header Files">
      <UniqueIdentifier>{93995380-89BD-4b04-88EB-625FBE52EBFB}</UniqueIdentifier>
      <Extensions>h;hh;hpp;hxx;h++;hm;inl;inc;ipp;xsd</Extensions>
    </Filter>
    <Filter Include="Resource Files">
      <UniqueIdentifier>{67DA6AB6-F800-4c08-8B7A-83BB121AAD01}</UniqueIdentifier>
      <Extensions>rc;ico;cur;bmp;dlg;rc2;rct;bin;rgs;gif;jpg;jpeg;jpe;resx;tiff;tif;png;wav;mfcribbon-ms</Extensions>
    </Filter>
    <Filter Include="GoogleTestSource">
      <UniqueIdentifier>{1631db44-db13-4566-af99-17ffb15b741f}</UniqueIdentifier>
    </Filter>
    <Filter Include="SourceUnderTest">
      <UniqueIdentifier>{86c09dd7-f324-49c7-955f-6a0ba2107137}</UniqueIdentifier>
    </Filter>
    <Filter Include="UTL Header Files">
      <UniqueIdentifier>{95b3d463-f921-4273-8cbd-107bbeeb7b91}</UniqueIdentifier>
    </Filter>
    <Filter Include="UTL Source Files">
      <UniqueIdentifier>{ee1c45cd-3550-406e-9e8c-4cb939b9eca4}</UniqueIdentifier>
    </Filter>
  </ItemGroup>
  <ItemGroup>
    <ClCompile Include="..\Dependencies\googletest\googletest\src\gtest_main.cc">
      <Filter>GoogleTestSource</Filter>
    </ClCompile>
    <ClCompile Include="..\Dependencies\googletest\googletest\src\gtest-all.cc">
      <Filter>GoogleTestSource</Filter>
    </ClCompile>
    <ClCompile Include="..\Tests\HandTests.cpp">
      <Filter>Source Files</Filter>
    </ClCompile>
    <ClCompile Include="..\Tests\HandTestWrapper.cpp">
      <Filter>Source Files</Filter>
    </ClCompile>
    <ClCompile Include="..\Dependencies\utl\new.cpp">
      <Filter>UTL Source Files</Filter>
    </ClCompile>
    <ClCompile Include="..\Dependencies\utl\string.cpp">
      <Filter>UTL Source Files</Filter>
    </ClCompile>
    <ClCompile Include="..\Source\PokerGame\Card.cpp">
      <Filter>SourceUnderTest</Filter>
    </ClCompile>
    <ClCompile Include="..\Source\PokerGame\RankedHand.cpp">
      <Filter>SourceUnderTest</Filter>
    </ClCompile>
    <ClCompile Include="..\Tests\PokerGameTests.cpp">
      <Filter>Source Files</Filter>
    </ClCompile>
    <ClCompile Include="..\Tests\PokerGameTestFixture.cpp">
      <Filter>Source Files</Filter>
    </ClCompile>
    <ClCompile Include="..\Source\PokerGame\PokerGame.cpp">
      <Filter>SourceUnderTest</Filter>
    </ClCompile>
    <ClCompile Include="..\Source\PokerGame\Random.cpp">
      <Filter>SourceUnderTest</Filter>
    </ClCompile>
    <ClCompile Include="..\Source\PokerGame\Deck.cpp">
      <Filter>SourceUnderTest</Filter>
    </ClCompile>
    <ClCompile Include="..\Source\Exception.cpp">
      <Filter>SourceUnderTest</Filter>
    </ClCompile>
    <ClCompile Include="..\Tests\PokerGameTestWrapper.cpp">
      <Filter>Source Files</Filter>
    </ClCompile>
    <ClCompile Include="..\Source\Platform\Desktop\DesktopPlatform.cpp">
      <Filter>SourceUnderTest</Filter>
    </ClCompile>
    <ClCompile Include="..\Source\Platform\Desktop\DesktopUART.cpp">
      <Filter>SourceUnderTest</Filter>
    </ClCompile>
    <ClCompile Include="..\Source\Platform\Desktop\DesktopSPI.cpp">
      <Filter>SourceUnderTest</Filter>
    </ClCompile>
  </ItemGroup>
  <ItemGroup>
    <ClInclude Include="..\Tests\HandTestWrapper.h">
      <Filter>Header Files</Filter>
    </ClInclude>
    <ClInclude Include="..\Tests\PokerGameTestFixture.h">
      <Filter>Header Files</Filter>
    </ClInclude>
    <ClInclude Include="..\Tests\PokerGameTestWrapper.h">
      <Filter>Header Files</Filter>
    </ClInclude>
  </ItemGroup>
  <ItemGroup>
    <None Include="..\Dependencies\utl\include\utl\algorithm">
      <Filter>UTL Header Files</Filter>
    </None>
    <None Include="..\Dependencies\utl\include\utl\array">
      <Filter>UTL Header Files</Filter>
    </None>
    <None Include="..\Dependencies\utl\include\utl\cstddef">
      <Filter>UTL Header Files</Filter>
    </None>
    <None Include="..\Dependencies\utl\include\utl\cstdint">
      <Filter>UTL Header Files</Filter>
    </None>
    <None Include="..\Dependencies\utl\include\utl\cstdlib">
      <Filter>UTL Header Files</Filter>
    </None>
    <None Include="..\Dependencies\utl\include\utl\fifo">
      <Filter>UTL Header Files</Filter>
    </None>
    <None Include="..\Dependencies\utl\include\utl\list">
      <Filter>UTL Header Files</Filter>
    </None>
    <None Include="..\Dependencies\utl\include\utl\new">
      <Filter>UTL Header Files</Filter>
    </None>
    <None Include="..\Dependencies\utl\include\utl\random">
      <Filter>UTL Header Files</Filter>
    </None>
    <None Include="..\Dependencies\utl\include\utl\string">
      <Filter>UTL Header Files</Filter>
    </None>
    <None Include="..\Dependencies\utl\include\utl\unordered_map">
      <Filter>UTL Header Files</Filter>
    </None>
    <None Include="..\Dependencies\utl\include\utl\utility">
      <Filter>UTL Header Files</Filter>
    </None>
    <None Include="..\Dependencies\utl\include\utl\vector">
      <Filter>UTL Header Files</Filter>
    </None>
  </ItemGroup>
</Project>